PODS:
  - ElasticPullToUpdate (1.3.3):
    - Refresher (~> 0.5.0)
  - Refresher (0.5.0)

DEPENDENCIES:
  - ElasticPullToUpdate (from `../`)

EXTERNAL SOURCES:
  ElasticPullToUpdate:
    :path: "../"

SPEC CHECKSUMS:
  ElasticPullToUpdate: 15d5eb7b166e687392f63fb6d45515b8d46aa3c6
  Refresher: 485f5990e6315add7f3470db5a4ca106451b11d3

PODFILE CHECKSUM: b06738da15460fb97a207033455a7579da43f585

COCOAPODS: 1.0.0
