PODS:
  - ElasticPullToUpdate (1.3.4):
    - Refresher (~> 0.5.0)
  - Refresher (0.5.0)

DEPENDENCIES:
  - ElasticPullToUpdate (from `../`)

EXTERNAL SOURCES:
  ElasticPullToUpdate:
    :path: "../"

SPEC CHECKSUMS:
  ElasticPullToUpdate: 7e82a720bc3d7f9f528e547033bfa8b7275ff97e
  Refresher: 485f5990e6315add7f3470db5a4ca106451b11d3

PODFILE CHECKSUM: b06738da15460fb97a207033455a7579da43f585

COCOAPODS: 1.0.0
